
Microsoft Visual Studio Solution File, Format Version 12.00
Project("{FAE04EC0-301F-11D3-BF4B-00C04F79EFBC}") = "ConsoleApp", "ConsoleApp\ConsoleApp.csproj", "{99F8C561-2827-4C20-AF2B-D58E4DFB0328}"
EndProject
Project("{FAE04EC0-301F-11D3-BF4B-00C04F79EFBC}") = "Microservice1", "Microservice1\Microservice1.csproj", "{624C8489-32FB-41B5-8340-EF9D197221B8}"
EndProject
Project("{FAE04EC0-301F-11D3-BF4B-00C04F79EFBC}") = "Microservice2", "Microservice2\Microservice2.csproj", "{8328E224-7DC3-48C4-A5C4-567D72F65CB4}"
EndProject
Global
	GlobalSection(SolutionConfigurationPlatforms) = preSolution
		Debug|Any CPU = Debug|Any CPU
		Release|Any CPU = Release|Any CPU
	EndGlobalSection
	GlobalSection(ProjectConfigurationPlatforms) = postSolution
		{99F8C561-2827-4C20-AF2B-D58E4DFB0328}.Debug|Any CPU.ActiveCfg = Debug|Any CPU
		{99F8C561-2827-4C20-AF2B-D58E4DFB0328}.Debug|Any CPU.Build.0 = Debug|Any CPU
		{99F8C561-2827-4C20-AF2B-D58E4DFB0328}.Release|Any CPU.ActiveCfg = Release|Any CPU
		{99F8C561-2827-4C20-AF2B-D58E4DFB0328}.Release|Any CPU.Build.0 = Release|Any CPU
		{624C8489-32FB-41B5-8340-EF9D197221B8}.Debug|Any CPU.ActiveCfg = Debug|Any CPU
		{624C8489-32FB-41B5-8340-EF9D197221B8}.Debug|Any CPU.Build.0 = Debug|Any CPU
		{624C8489-32FB-41B5-8340-EF9D197221B8}.Release|Any CPU.ActiveCfg = Release|Any CPU
		{624C8489-32FB-41B5-8340-EF9D197221B8}.Release|Any CPU.Build.0 = Release|Any CPU
		{8328E224-7DC3-48C4-A5C4-567D72F65CB4}.Debug|Any CPU.ActiveCfg = Debug|Any CPU
		{8328E224-7DC3-48C4-A5C4-567D72F65CB4}.Debug|Any CPU.Build.0 = Debug|Any CPU
		{8328E224-7DC3-48C4-A5C4-567D72F65CB4}.Release|Any CPU.ActiveCfg = Release|Any CPU
		{8328E224-7DC3-48C4-A5C4-567D72F65CB4}.Release|Any CPU.Build.0 = Release|Any CPU
	EndGlobalSection
EndGlobal
